
Microsoft Visual Studio Solution File, Format Version 12.00
# Visual Studio Version 17
VisualStudioVersion = 17.12.35527.113
MinimumVisualStudioVersion = 10.0.40219.1
Project("{FAE04EC0-301F-11D3-BF4B-00C04F79EFBC}") = "CoreMonolith.SharedKernel", "src\CoreMonolith.SharedKernel\CoreMonolith.SharedKernel.csproj", "{D1142B0C-A5D1-43FC-8859-05E112CB2EC6}"
EndProject
Project("{2150E333-8FDC-42A3-9474-1A3956D46DE8}") = "src", "src", "{E4D9DA77-68B8-4578-9299-2E0D2D5CE6C5}"
EndProject
Project("{FAE04EC0-301F-11D3-BF4B-00C04F79EFBC}") = "CoreMonolith.Application", "src\CoreMonolith.Application\CoreMonolith.Application.csproj", "{B59B242E-D72D-4404-AAEF-AD890CB6F282}"
EndProject
Project("{FAE04EC0-301F-11D3-BF4B-00C04F79EFBC}") = "CoreMonolith.Domain", "src\CoreMonolith.Domain\CoreMonolith.Domain.csproj", "{E9B1F5A7-E2EE-4B84-B3A8-CD0D77A39204}"
EndProject
Project("{FAE04EC0-301F-11D3-BF4B-00C04F79EFBC}") = "CoreMonolith.Infrastructure", "src\CoreMonolith.Infrastructure\CoreMonolith.Infrastructure.csproj", "{3445DD53-D359-40DB-9AD4-2440142D7829}"
EndProject
Project("{2150E333-8FDC-42A3-9474-1A3956D46DE8}") = "Core", "Core", "{DF9035D0-F118-404B-B0A3-FF06BD303B7F}"
EndProject
Project("{2150E333-8FDC-42A3-9474-1A3956D46DE8}") = "DownloadManager", "DownloadManager", "{348C80AA-7CA3-41BE-8995-FB3ADAE65A9D}"
EndProject
Project("{2150E333-8FDC-42A3-9474-1A3956D46DE8}") = "tests", "tests", "{2BDC3E21-784B-44CB-A4FD-DF9889B9BA7E}"
EndProject
Project("{FAE04EC0-301F-11D3-BF4B-00C04F79EFBC}") = "CoreMonolith.ArchitectureTests", "tests\CoreMonolith.ArchitectureTests\CoreMonolith.ArchitectureTests.csproj", "{07DC0E58-74E4-4AE7-BFB8-5AD3BF1F261C}"
EndProject
Project("{2150E333-8FDC-42A3-9474-1A3956D46DE8}") = "Core", "Core", "{C6CCF3F1-6773-4425-8C59-D4818EAB7244}"
EndProject
Project("{FAE04EC0-301F-11D3-BF4B-00C04F79EFBC}") = "CoreMonolith.Api", "src\CoreMonolith.Api\CoreMonolith.Api.csproj", "{39B6C6F2-6CD7-4498-851E-034ED96A3770}"
EndProject
Project("{FAE04EC0-301F-11D3-BF4B-00C04F79EFBC}") = "CoreMonolith.AppHost", "src\CoreMonolith.AppHost\CoreMonolith.AppHost.csproj", "{E5FB80ED-5D07-435C-8D94-033E71049F09}"
EndProject
Project("{FAE04EC0-301F-11D3-BF4B-00C04F79EFBC}") = "CoreMonolith.ServiceDefaults", "src\CoreMonolith.ServiceDefaults\CoreMonolith.ServiceDefaults.csproj", "{75F72B13-6991-4F2B-9643-2CE961F50771}"
EndProject
Project("{2150E333-8FDC-42A3-9474-1A3956D46DE8}") = "Aspire", "Aspire", "{CC8AFC95-2CBC-4705-B783-63B9D3C1F747}"
EndProject
Project("{2150E333-8FDC-42A3-9474-1A3956D46DE8}") = "Deployment", "Deployment", "{3D7AB39B-8B69-4119-A8C9-DBB23553E4C2}"
	ProjectSection(SolutionItems) = preProject
		src\CoreMonolith.AppHost\aspirate-state.json = src\CoreMonolith.AppHost\aspirate-state.json
		src\CoreMonolith.AppHost\aspirate.json = src\CoreMonolith.AppHost\aspirate.json
		src\CoreMonolith.AppHost\manifest.json = src\CoreMonolith.AppHost\manifest.json
	EndProjectSection
EndProject
Project("{FAE04EC0-301F-11D3-BF4B-00C04F79EFBC}") = "DownloadManager.WebApp", "src\DownloadManager.WebApp\DownloadManager.WebApp.csproj", "{769328B2-A835-4082-99E2-F01B4A85EB92}"
EndProject
Project("{2150E333-8FDC-42A3-9474-1A3956D46DE8}") = "solution-items", "solution-items", "{81F1CBB7-938A-47F8-AE64-10B6823DD7F4}"
	ProjectSection(SolutionItems) = preProject
		solution-items\api-interactions.mdpuml = solution-items\api-interactions.mdpuml
	EndProjectSection
EndProject
Project("{FAE04EC0-301F-11D3-BF4B-00C04F79EFBC}") = "CoreMonolith.Application.UnitTests", "tests\CoreMonolith.Application.UnitTests\CoreMonolith.Application.UnitTests.csproj", "{3798E064-CFC0-4987-9772-3F705600774E}"
EndProject
Project("{FAE04EC0-301F-11D3-BF4B-00C04F79EFBC}") = "CoreMonolith.Domain.UnitTests", "tests\CoreMonolith.Domain.UnitTests\CoreMonolith.Domain.UnitTests.csproj", "{6B1CF0AD-88CD-4455-87E9-CADFC680CBEA}"
EndProject
Project("{FAE04EC0-301F-11D3-BF4B-00C04F79EFBC}") = "CoreMonolith.SharedKernel.UnitTests", "tests\CoreMonolith.SharedKernel.UnitTests\CoreMonolith.SharedKernel.UnitTests.csproj", "{9BED1526-B0B0-46D1-A919-62DF9AF0CACB}"
EndProject
Project("{FAE04EC0-301F-11D3-BF4B-00C04F79EFBC}") = "CoreMonolith.Infrastructure.UnitTests", "tests\CoreMonolith.Infrastructure.UnitTests\CoreMonolith.Infrastructure.UnitTests.csproj", "{35A8585F-DA54-4BAA-8610-A1E7EEF817D1}"
EndProject
Project("{2150E333-8FDC-42A3-9474-1A3956D46DE8}") = "pipelines", "pipelines", "{2C89531F-F707-47A6-A181-06B04928720D}"
	ProjectSection(SolutionItems) = preProject
		solution-items\pipelines\core-monolith-build-sonar.yaml = solution-items\pipelines\core-monolith-build-sonar.yaml
		solution-items\pipelines\core-monolith-build-validate.yaml = solution-items\pipelines\core-monolith-build-validate.yaml
		solution-items\pipelines\core-monolith-release-server.yaml = solution-items\pipelines\core-monolith-release-server.yaml
	EndProjectSection
EndProject
Project("{FAE04EC0-301F-11D3-BF4B-00C04F79EFBC}") = "CoreMonolith.ApiGateway", "src\CoreMonolith.ApiGateway\CoreMonolith.ApiGateway.csproj", "{002BCE1F-AAEE-496F-B202-0741493803B9}"
EndProject
Global
	GlobalSection(SolutionConfigurationPlatforms) = preSolution
		Debug|Any CPU = Debug|Any CPU
		Release|Any CPU = Release|Any CPU
	EndGlobalSection
	GlobalSection(ProjectConfigurationPlatforms) = postSolution
		{D1142B0C-A5D1-43FC-8859-05E112CB2EC6}.Debug|Any CPU.ActiveCfg = Debug|Any CPU
		{D1142B0C-A5D1-43FC-8859-05E112CB2EC6}.Debug|Any CPU.Build.0 = Debug|Any CPU
		{D1142B0C-A5D1-43FC-8859-05E112CB2EC6}.Release|Any CPU.ActiveCfg = Release|Any CPU
		{D1142B0C-A5D1-43FC-8859-05E112CB2EC6}.Release|Any CPU.Build.0 = Release|Any CPU
		{B59B242E-D72D-4404-AAEF-AD890CB6F282}.Debug|Any CPU.ActiveCfg = Debug|Any CPU
		{B59B242E-D72D-4404-AAEF-AD890CB6F282}.Debug|Any CPU.Build.0 = Debug|Any CPU
		{B59B242E-D72D-4404-AAEF-AD890CB6F282}.Release|Any CPU.ActiveCfg = Release|Any CPU
		{B59B242E-D72D-4404-AAEF-AD890CB6F282}.Release|Any CPU.Build.0 = Release|Any CPU
		{E9B1F5A7-E2EE-4B84-B3A8-CD0D77A39204}.Debug|Any CPU.ActiveCfg = Debug|Any CPU
		{E9B1F5A7-E2EE-4B84-B3A8-CD0D77A39204}.Debug|Any CPU.Build.0 = Debug|Any CPU
		{E9B1F5A7-E2EE-4B84-B3A8-CD0D77A39204}.Release|Any CPU.ActiveCfg = Release|Any CPU
		{E9B1F5A7-E2EE-4B84-B3A8-CD0D77A39204}.Release|Any CPU.Build.0 = Release|Any CPU
		{3445DD53-D359-40DB-9AD4-2440142D7829}.Debug|Any CPU.ActiveCfg = Debug|Any CPU
		{3445DD53-D359-40DB-9AD4-2440142D7829}.Debug|Any CPU.Build.0 = Debug|Any CPU
		{3445DD53-D359-40DB-9AD4-2440142D7829}.Release|Any CPU.ActiveCfg = Release|Any CPU
		{3445DD53-D359-40DB-9AD4-2440142D7829}.Release|Any CPU.Build.0 = Release|Any CPU
		{07DC0E58-74E4-4AE7-BFB8-5AD3BF1F261C}.Debug|Any CPU.ActiveCfg = Debug|Any CPU
		{07DC0E58-74E4-4AE7-BFB8-5AD3BF1F261C}.Debug|Any CPU.Build.0 = Debug|Any CPU
		{07DC0E58-74E4-4AE7-BFB8-5AD3BF1F261C}.Release|Any CPU.ActiveCfg = Release|Any CPU
		{07DC0E58-74E4-4AE7-BFB8-5AD3BF1F261C}.Release|Any CPU.Build.0 = Release|Any CPU
		{39B6C6F2-6CD7-4498-851E-034ED96A3770}.Debug|Any CPU.ActiveCfg = Debug|Any CPU
		{39B6C6F2-6CD7-4498-851E-034ED96A3770}.Debug|Any CPU.Build.0 = Debug|Any CPU
		{39B6C6F2-6CD7-4498-851E-034ED96A3770}.Release|Any CPU.ActiveCfg = Release|Any CPU
		{39B6C6F2-6CD7-4498-851E-034ED96A3770}.Release|Any CPU.Build.0 = Release|Any CPU
		{E5FB80ED-5D07-435C-8D94-033E71049F09}.Debug|Any CPU.ActiveCfg = Debug|Any CPU
		{E5FB80ED-5D07-435C-8D94-033E71049F09}.Debug|Any CPU.Build.0 = Debug|Any CPU
		{E5FB80ED-5D07-435C-8D94-033E71049F09}.Release|Any CPU.ActiveCfg = Release|Any CPU
		{E5FB80ED-5D07-435C-8D94-033E71049F09}.Release|Any CPU.Build.0 = Release|Any CPU
		{75F72B13-6991-4F2B-9643-2CE961F50771}.Debug|Any CPU.ActiveCfg = Debug|Any CPU
		{75F72B13-6991-4F2B-9643-2CE961F50771}.Debug|Any CPU.Build.0 = Debug|Any CPU
		{75F72B13-6991-4F2B-9643-2CE961F50771}.Release|Any CPU.ActiveCfg = Release|Any CPU
		{75F72B13-6991-4F2B-9643-2CE961F50771}.Release|Any CPU.Build.0 = Release|Any CPU
		{769328B2-A835-4082-99E2-F01B4A85EB92}.Debug|Any CPU.ActiveCfg = Debug|Any CPU
		{769328B2-A835-4082-99E2-F01B4A85EB92}.Debug|Any CPU.Build.0 = Debug|Any CPU
		{769328B2-A835-4082-99E2-F01B4A85EB92}.Release|Any CPU.ActiveCfg = Release|Any CPU
		{769328B2-A835-4082-99E2-F01B4A85EB92}.Release|Any CPU.Build.0 = Release|Any CPU
		{3798E064-CFC0-4987-9772-3F705600774E}.Debug|Any CPU.ActiveCfg = Debug|Any CPU
		{3798E064-CFC0-4987-9772-3F705600774E}.Debug|Any CPU.Build.0 = Debug|Any CPU
		{3798E064-CFC0-4987-9772-3F705600774E}.Release|Any CPU.ActiveCfg = Release|Any CPU
		{3798E064-CFC0-4987-9772-3F705600774E}.Release|Any CPU.Build.0 = Release|Any CPU
		{6B1CF0AD-88CD-4455-87E9-CADFC680CBEA}.Debug|Any CPU.ActiveCfg = Debug|Any CPU
		{6B1CF0AD-88CD-4455-87E9-CADFC680CBEA}.Debug|Any CPU.Build.0 = Debug|Any CPU
		{6B1CF0AD-88CD-4455-87E9-CADFC680CBEA}.Release|Any CPU.ActiveCfg = Release|Any CPU
		{6B1CF0AD-88CD-4455-87E9-CADFC680CBEA}.Release|Any CPU.Build.0 = Release|Any CPU
		{9BED1526-B0B0-46D1-A919-62DF9AF0CACB}.Debug|Any CPU.ActiveCfg = Debug|Any CPU
		{9BED1526-B0B0-46D1-A919-62DF9AF0CACB}.Debug|Any CPU.Build.0 = Debug|Any CPU
		{9BED1526-B0B0-46D1-A919-62DF9AF0CACB}.Release|Any CPU.ActiveCfg = Release|Any CPU
		{9BED1526-B0B0-46D1-A919-62DF9AF0CACB}.Release|Any CPU.Build.0 = Release|Any CPU
		{35A8585F-DA54-4BAA-8610-A1E7EEF817D1}.Debug|Any CPU.ActiveCfg = Debug|Any CPU
		{35A8585F-DA54-4BAA-8610-A1E7EEF817D1}.Debug|Any CPU.Build.0 = Debug|Any CPU
		{35A8585F-DA54-4BAA-8610-A1E7EEF817D1}.Release|Any CPU.ActiveCfg = Release|Any CPU
		{35A8585F-DA54-4BAA-8610-A1E7EEF817D1}.Release|Any CPU.Build.0 = Release|Any CPU
		{002BCE1F-AAEE-496F-B202-0741493803B9}.Debug|Any CPU.ActiveCfg = Debug|Any CPU
		{002BCE1F-AAEE-496F-B202-0741493803B9}.Debug|Any CPU.Build.0 = Debug|Any CPU
		{002BCE1F-AAEE-496F-B202-0741493803B9}.Release|Any CPU.ActiveCfg = Release|Any CPU
		{002BCE1F-AAEE-496F-B202-0741493803B9}.Release|Any CPU.Build.0 = Release|Any CPU
	EndGlobalSection
	GlobalSection(SolutionProperties) = preSolution
		HideSolutionNode = FALSE
	EndGlobalSection
	GlobalSection(NestedProjects) = preSolution
		{D1142B0C-A5D1-43FC-8859-05E112CB2EC6} = {DF9035D0-F118-404B-B0A3-FF06BD303B7F}
		{B59B242E-D72D-4404-AAEF-AD890CB6F282} = {DF9035D0-F118-404B-B0A3-FF06BD303B7F}
		{E9B1F5A7-E2EE-4B84-B3A8-CD0D77A39204} = {DF9035D0-F118-404B-B0A3-FF06BD303B7F}
		{3445DD53-D359-40DB-9AD4-2440142D7829} = {DF9035D0-F118-404B-B0A3-FF06BD303B7F}
		{DF9035D0-F118-404B-B0A3-FF06BD303B7F} = {E4D9DA77-68B8-4578-9299-2E0D2D5CE6C5}
		{348C80AA-7CA3-41BE-8995-FB3ADAE65A9D} = {E4D9DA77-68B8-4578-9299-2E0D2D5CE6C5}
		{07DC0E58-74E4-4AE7-BFB8-5AD3BF1F261C} = {C6CCF3F1-6773-4425-8C59-D4818EAB7244}
		{C6CCF3F1-6773-4425-8C59-D4818EAB7244} = {2BDC3E21-784B-44CB-A4FD-DF9889B9BA7E}
		{39B6C6F2-6CD7-4498-851E-034ED96A3770} = {DF9035D0-F118-404B-B0A3-FF06BD303B7F}
		{E5FB80ED-5D07-435C-8D94-033E71049F09} = {CC8AFC95-2CBC-4705-B783-63B9D3C1F747}
		{75F72B13-6991-4F2B-9643-2CE961F50771} = {CC8AFC95-2CBC-4705-B783-63B9D3C1F747}
		{CC8AFC95-2CBC-4705-B783-63B9D3C1F747} = {E4D9DA77-68B8-4578-9299-2E0D2D5CE6C5}
		{3D7AB39B-8B69-4119-A8C9-DBB23553E4C2} = {CC8AFC95-2CBC-4705-B783-63B9D3C1F747}
		{769328B2-A835-4082-99E2-F01B4A85EB92} = {348C80AA-7CA3-41BE-8995-FB3ADAE65A9D}
		{3798E064-CFC0-4987-9772-3F705600774E} = {C6CCF3F1-6773-4425-8C59-D4818EAB7244}
		{6B1CF0AD-88CD-4455-87E9-CADFC680CBEA} = {C6CCF3F1-6773-4425-8C59-D4818EAB7244}
		{9BED1526-B0B0-46D1-A919-62DF9AF0CACB} = {C6CCF3F1-6773-4425-8C59-D4818EAB7244}
		{35A8585F-DA54-4BAA-8610-A1E7EEF817D1} = {C6CCF3F1-6773-4425-8C59-D4818EAB7244}
		{2C89531F-F707-47A6-A181-06B04928720D} = {81F1CBB7-938A-47F8-AE64-10B6823DD7F4}
		{002BCE1F-AAEE-496F-B202-0741493803B9} = {DF9035D0-F118-404B-B0A3-FF06BD303B7F}
	EndGlobalSection
EndGlobal
